// !$*UTF8*$!
{
	archiveVersion = 1;
	classes = {
	};
	objectVersion = 77;
	objects = {

/* Begin PBXBuildFile section */
		0E0A182A0E8F4C1792A8B075 /* MinuteLlama in Frameworks */ = {isa = PBXBuildFile; productRef = B730481B2E3B4E5FB8E38D6E /* MinuteLlama */; };
		13E6D74F51A2432B8FB8B1A1 /* MinuteOllama in Frameworks */ = {isa = PBXBuildFile; productRef = 13E6D74E51A2432B8FB8B1A1 /* MinuteOllama */; };
		1A2B3C4D5E6F7890ABCDEF12 /* StageDropValidationTests.swift in Sources */ = {isa = PBXBuildFile; fileRef = D4E7D1B0A9B34B87B2E6A123 /* StageDropValidationTests.swift */; };
		1DBD0C88C2F54CA78D084F61 /* Sparkle in Frameworks */ = {isa = PBXBuildFile; productRef = 3B3599BC65E149678727D1B7 /* Sparkle */; settings = {ATTRIBUTES = (Weak, ); }; };
		24A1B2C3D4E5F60718293A4B /* MinuteLMStudio in Frameworks */ = {isa = PBXBuildFile; productRef = 24A1B2C3D4E5F60718293A4A /* MinuteLMStudio */; };
		2D3E4F5A6B7C8D9E0F1A2B3C /* MeetingTypesSettingsViewModelTests.swift in Sources */ = {isa = PBXBuildFile; fileRef = 3E4F5A6B7C8D9E0F1A2B3C4D /* MeetingTypesSettingsViewModelTests.swift */; };
		58B6950C2EF600000068FAA7 /* MinuteCore in Frameworks */ = {isa = PBXBuildFile; productRef = 58B6950B2EF600000068FAA7 /* MinuteCore */; };
		5A7F52052F1F0D0A00D8E124 /* WhisperXPCService.swift in Sources */ = {isa = PBXBuildFile; fileRef = 5A7F52022F1F0D0A00D8E124 /* WhisperXPCService.swift */; };
		5A7F52062F1F0D0A00D8E124 /* MinuteWhisperService.xpc in CopyFiles */ = {isa = PBXBuildFile; fileRef = 5A7F52012F1F0D0A00D8E124 /* MinuteWhisperService.xpc */; settings = {ATTRIBUTES = (CodeSignOnCopy, ); }; };
		5A7F52072F1F0D0A00D8E124 /* MinuteWhisper in Frameworks */ = {isa = PBXBuildFile; productRef = 5A7F52132F1F0D0A00D8E124 /* MinuteWhisper */; };
		5A7F52082F1F0D0A00D8E124 /* MinuteCore in Frameworks */ = {isa = PBXBuildFile; productRef = 58B6950B2EF600000068FAA7 /* MinuteCore */; };
		5E70A0010000000000000002 /* MinuteSherpaONNX in Frameworks */ = {isa = PBXBuildFile; productRef = 5E70A0010000000000000001 /* MinuteSherpaONNX */; };
		6C1A7B2E3D4F5A6B7C8D9E01 /* MeetingPipelineViewModelVocabularyOverrideTests.swift in Sources */ = {isa = PBXBuildFile; fileRef = 7D2B8C3F4E5A6B7C8D9E0F11 /* MeetingPipelineViewModelVocabularyOverrideTests.swift */; };
		6C1A7B2E3D4F5A6B7C8D9E02 /* ModelsSettingsViewModelVocabularyBoostingTests.swift in Sources */ = {isa = PBXBuildFile; fileRef = 7D2B8C3F4E5A6B7C8D9E0F12 /* ModelsSettingsViewModelVocabularyBoostingTests.swift */; };
		6C1A7B2E3D4F5A6B7C8D9E03 /* ModelsSettingsViewModelVocabularyGatingTests.swift in Sources */ = {isa = PBXBuildFile; fileRef = 7D2B8C3F4E5A6B7C8D9E0F13 /* ModelsSettingsViewModelVocabularyGatingTests.swift */; };
		6C1A7B2E3D4F5A6B7C8D9E04 /* OnboardingInferenceProviderTests.swift in Sources */ = {isa = PBXBuildFile; fileRef = 7D2B8C3F4E5A6B7C8D9E0F14 /* OnboardingInferenceProviderTests.swift */; };
		6C1A7B2E3D4F5A6B7C8D9E05 /* ModelsSettingsInferenceProviderTests.swift in Sources */ = {isa = PBXBuildFile; fileRef = 7D2B8C3F4E5A6B7C8D9E0F15 /* ModelsSettingsInferenceProviderTests.swift */; };
		70055E391D7145CFA8509E54 /* MarkdownUI in Frameworks */ = {isa = PBXBuildFile; productRef = 0AF288CF7B9C4B81AEE5DD29 /* MarkdownUI */; };
		9C45E2A61F1D4A7A9E4C0B11 /* MinuteWhisper in Frameworks */ = {isa = PBXBuildFile; productRef = 5A7F52132F1F0D0A00D8E124 /* MinuteWhisper */; };
		B6A1D9E2F3C44C7AA1B2C3D4 /* MeetingPipelineViewModelCancelSessionTests.swift in Sources */ = {isa = PBXBuildFile; fileRef = A3F6C0A0B4D94B0B9F4E0C1A /* MeetingPipelineViewModelCancelSessionTests.swift */; };
		BF27CF187A62466DB14F257B /* MinuteTests.swift in Sources */ = {isa = PBXBuildFile; fileRef = 5F15E3BAE1404A58B205DD07 /* MinuteTests.swift */; };
		C1B2A3D4E5F6478890ABC123 /* TranscriptSpeakerColorResolverTests.swift in Sources */ = {isa = PBXBuildFile; fileRef = A9D4E2F7B31C4D8EA6F0B2C1 /* TranscriptSpeakerColorResolverTests.swift */; };
		C7F3A9E4D2B8410FA1C0B2D3 /* MeetingDetailNoRegressionSmokeTests.swift in Sources */ = {isa = PBXBuildFile; fileRef = A1D2C3B4E5F6478899AABBCC /* MeetingDetailNoRegressionSmokeTests.swift */; };
		D2A7C3307EAF4A36A8D4F932 /* UpdaterViewModelProfileTests.swift in Sources */ = {isa = PBXBuildFile; fileRef = A4D6E9209D1B4E43B5E7C652 /* UpdaterViewModelProfileTests.swift */; };
		E1A9B130B6454F8794F15621 /* UpdaterProfileBehaviorTests.swift in Sources */ = {isa = PBXBuildFile; fileRef = F3B5D810D2F6495798C6A541 /* UpdaterProfileBehaviorTests.swift */; };
		F2B1C3D4E5F60718293A4B5C /* TestSupport/SilenceAutoStopTestSupport.swift in Sources */ = {isa = PBXBuildFile; fileRef = E1A9F20B6C3D4E5F8091A2B3 /* TestSupport/SilenceAutoStopTestSupport.swift */; };
/* End PBXBuildFile section */

/* Begin PBXContainerItemProxy section */
		5A7F520E2F1F0D0A00D8E124 /* PBXContainerItemProxy */ = {
			isa = PBXContainerItemProxy;
			containerPortal = 58B694E72EF54B130068FAA7 /* Project object */;
			proxyType = 1;
			remoteGlobalIDString = 5A7F520F2F1F0D0A00D8E124;
			remoteInfo = MinuteWhisperService;
		};
		68AD8511947A463C8A38EE55 /* PBXContainerItemProxy */ = {
			isa = PBXContainerItemProxy;
			containerPortal = 58B694E72EF54B130068FAA7 /* Project object */;
			proxyType = 1;
			remoteGlobalIDString = 58B694EE2EF54B130068FAA7;
			remoteInfo = Minute;
		};
/* End PBXContainerItemProxy section */

/* Begin PBXCopyFilesBuildPhase section */
		5A7F52092F1F0D0A00D8E124 /* CopyFiles */ = {
			isa = PBXCopyFilesBuildPhase;
			buildActionMask = 2147483647;
			dstPath = Contents/XPCServices;
			dstSubfolderSpec = 1;
			files = (
				5A7F52062F1F0D0A00D8E124 /* MinuteWhisperService.xpc in CopyFiles */,
			);
			runOnlyForDeploymentPostprocessing = 0;
		};
/* End PBXCopyFilesBuildPhase section */

/* Begin PBXFileReference section */
		3E4F5A6B7C8D9E0F1A2B3C4D /* MeetingTypesSettingsViewModelTests.swift */ = {isa = PBXFileReference; lastKnownFileType = sourcecode.swift; path = MeetingTypesSettingsViewModelTests.swift; sourceTree = "<group>"; };
		58B694EF2EF54B130068FAA7 /* Minute.app */ = {isa = PBXFileReference; explicitFileType = wrapper.application; includeInIndex = 0; path = Minute.app; sourceTree = BUILT_PRODUCTS_DIR; };
		5A7F52012F1F0D0A00D8E124 /* MinuteWhisperService.xpc */ = {isa = PBXFileReference; explicitFileType = "wrapper.xpc-service"; includeInIndex = 0; path = MinuteWhisperService.xpc; sourceTree = BUILT_PRODUCTS_DIR; };
		5A7F52022F1F0D0A00D8E124 /* WhisperXPCService.swift */ = {isa = PBXFileReference; lastKnownFileType = sourcecode.swift; path = WhisperXPCService.swift; sourceTree = "<group>"; };
		5A7F52032F1F0D0A00D8E124 /* Info.plist */ = {isa = PBXFileReference; lastKnownFileType = text.plist.xml; path = Info.plist; sourceTree = "<group>"; };
		5F15E3BAE1404A58B205DD07 /* MinuteTests.swift */ = {isa = PBXFileReference; lastKnownFileType = sourcecode.swift; path = MinuteTests.swift; sourceTree = "<group>"; };
		779C02330F8D485BB5682A48 /* MinuteInfo.plist */ = {isa = PBXFileReference; lastKnownFileType = text.plist.xml; path = MinuteInfo.plist; sourceTree = "<group>"; };
		7D2B8C3F4E5A6B7C8D9E0F11 /* MeetingPipelineViewModelVocabularyOverrideTests.swift */ = {isa = PBXFileReference; lastKnownFileType = sourcecode.swift; path = MeetingPipelineViewModelVocabularyOverrideTests.swift; sourceTree = "<group>"; };
		7D2B8C3F4E5A6B7C8D9E0F12 /* ModelsSettingsViewModelVocabularyBoostingTests.swift */ = {isa = PBXFileReference; lastKnownFileType = sourcecode.swift; path = ModelsSettingsViewModelVocabularyBoostingTests.swift; sourceTree = "<group>"; };
		7D2B8C3F4E5A6B7C8D9E0F13 /* ModelsSettingsViewModelVocabularyGatingTests.swift */ = {isa = PBXFileReference; lastKnownFileType = sourcecode.swift; path = ModelsSettingsViewModelVocabularyGatingTests.swift; sourceTree = "<group>"; };
		7D2B8C3F4E5A6B7C8D9E0F14 /* OnboardingInferenceProviderTests.swift */ = {isa = PBXFileReference; lastKnownFileType = sourcecode.swift; path = OnboardingInferenceProviderTests.swift; sourceTree = "<group>"; };
		7D2B8C3F4E5A6B7C8D9E0F15 /* ModelsSettingsInferenceProviderTests.swift */ = {isa = PBXFileReference; lastKnownFileType = sourcecode.swift; path = ModelsSettingsInferenceProviderTests.swift; sourceTree = "<group>"; };
		7E8F901A2B3C4D5E6F708192 /* MeetingPipelineViewModelMeetingTypeSafetyTests.swift */ = {isa = PBXFileReference; lastKnownFileType = sourcecode.swift; path = MeetingPipelineViewModelMeetingTypeSafetyTests.swift; sourceTree = "<group>"; };
		8ADB76E0C8D7477E9C5E50D2 /* MinuteTests.xctest */ = {isa = PBXFileReference; explicitFileType = wrapper.cfbundle; includeInIndex = 0; path = MinuteTests.xctest; sourceTree = BUILT_PRODUCTS_DIR; };
		A1D2C3B4E5F6478899AABBCC /* MeetingDetailNoRegressionSmokeTests.swift */ = {isa = PBXFileReference; lastKnownFileType = sourcecode.swift; path = MeetingDetailNoRegressionSmokeTests.swift; sourceTree = "<group>"; };
		A3F6C0A0B4D94B0B9F4E0C1A /* MeetingPipelineViewModelCancelSessionTests.swift */ = {isa = PBXFileReference; lastKnownFileType = sourcecode.swift; path = MeetingPipelineViewModelCancelSessionTests.swift; sourceTree = "<group>"; };
		A4D6E9209D1B4E43B5E7C652 /* UpdaterViewModelProfileTests.swift */ = {isa = PBXFileReference; lastKnownFileType = sourcecode.swift; path = UpdaterViewModelProfileTests.swift; sourceTree = "<group>"; };
		A7F9C2D73B1E4F6A8C0D1122 /* DistributionProfiles.xcconfig */ = {isa = PBXFileReference; lastKnownFileType = text.xcconfig; path = DistributionProfiles.xcconfig; sourceTree = "<group>"; };
		A9D4E2F7B31C4D8EA6F0B2C1 /* TranscriptSpeakerColorResolverTests.swift */ = {isa = PBXFileReference; lastKnownFileType = sourcecode.swift; path = TranscriptSpeakerColorResolverTests.swift; sourceTree = "<group>"; };
		D4E7D1B0A9B34B87B2E6A123 /* StageDropValidationTests.swift */ = {isa = PBXFileReference; lastKnownFileType = sourcecode.swift; path = StageDropValidationTests.swift; sourceTree = "<group>"; };
		E1A9F20B6C3D4E5F8091A2B3 /* TestSupport/SilenceAutoStopTestSupport.swift */ = {isa = PBXFileReference; lastKnownFileType = sourcecode.swift; path = TestSupport/SilenceAutoStopTestSupport.swift; sourceTree = "<group>"; };
		F3B5D810D2F6495798C6A541 /* UpdaterProfileBehaviorTests.swift */ = {isa = PBXFileReference; lastKnownFileType = sourcecode.swift; path = UpdaterProfileBehaviorTests.swift; sourceTree = "<group>"; };
/* End PBXFileReference section */

/* Begin PBXFileSystemSynchronizedRootGroup section */
		58B694F12EF54B130068FAA7 /* Minute */ = {
			isa = PBXFileSystemSynchronizedRootGroup;
			path = Minute;
			sourceTree = "<group>";
		};
/* End PBXFileSystemSynchronizedRootGroup section */

/* Begin PBXFrameworksBuildPhase section */
		58B694EC2EF54B130068FAA7 /* Frameworks */ = {
			isa = PBXFrameworksBuildPhase;
			buildActionMask = 2147483647;
			files = (
				58B6950C2EF600000068FAA7 /* MinuteCore in Frameworks */,
				9C45E2A61F1D4A7A9E4C0B11 /* MinuteWhisper in Frameworks */,
				0E0A182A0E8F4C1792A8B075 /* MinuteLlama in Frameworks */,
				13E6D74F51A2432B8FB8B1A1 /* MinuteOllama in Frameworks */,
				24A1B2C3D4E5F60718293A4B /* MinuteLMStudio in Frameworks */,
				5E70A0010000000000000002 /* MinuteSherpaONNX in Frameworks */,
				70055E391D7145CFA8509E54 /* MarkdownUI in Frameworks */,
				1DBD0C88C2F54CA78D084F61 /* Sparkle in Frameworks */,
			);
			runOnlyForDeploymentPostprocessing = 0;
		};
		5A7F520B2F1F0D0A00D8E124 /* Frameworks */ = {
			isa = PBXFrameworksBuildPhase;
			buildActionMask = 2147483647;
			files = (
				5A7F52072F1F0D0A00D8E124 /* MinuteWhisper in Frameworks */,
				5A7F52082F1F0D0A00D8E124 /* MinuteCore in Frameworks */,
			);
			runOnlyForDeploymentPostprocessing = 0;
		};
		7BA98BF71BA949F4A88F3EE6 /* Frameworks */ = {
			isa = PBXFrameworksBuildPhase;
			buildActionMask = 2147483647;
			files = (
			);
			runOnlyForDeploymentPostprocessing = 0;
		};
/* End PBXFrameworksBuildPhase section */

/* Begin PBXGroup section */
		58B694E62EF54B130068FAA7 = {
			isa = PBXGroup;
			children = (
				AF2CA8B1E4624B7ABCC0E83C /* Config */,
				58B694F12EF54B130068FAA7 /* Minute */,
				5A7F52042F1F0D0A00D8E124 /* MinuteWhisperService */,
				58B694F02EF54B130068FAA7 /* Products */,
				5D97A5986491499181E6D7E5 /* MinuteTests */,
			);
			sourceTree = "<group>";
		};
		58B694F02EF54B130068FAA7 /* Products */ = {
			isa = PBXGroup;
			children = (
				58B694EF2EF54B130068FAA7 /* Minute.app */,
				5A7F52012F1F0D0A00D8E124 /* MinuteWhisperService.xpc */,
				8ADB76E0C8D7477E9C5E50D2 /* MinuteTests.xctest */,
			);
			name = Products;
			sourceTree = "<group>";
		};
		5A7F52042F1F0D0A00D8E124 /* MinuteWhisperService */ = {
			isa = PBXGroup;
			children = (
				5A7F52022F1F0D0A00D8E124 /* WhisperXPCService.swift */,
				5A7F52032F1F0D0A00D8E124 /* Info.plist */,
			);
			path = MinuteWhisperService;
			sourceTree = "<group>";
		};
		5D97A5986491499181E6D7E5 /* MinuteTests */ = {
			isa = PBXGroup;
			children = (
				A3F6C0A0B4D94B0B9F4E0C1A /* MeetingPipelineViewModelCancelSessionTests.swift */,
				D4E7D1B0A9B34B87B2E6A123 /* StageDropValidationTests.swift */,
				A1D2C3B4E5F6478899AABBCC /* MeetingDetailNoRegressionSmokeTests.swift */,
				7E8F901A2B3C4D5E6F708192 /* MeetingPipelineViewModelMeetingTypeSafetyTests.swift */,
				3E4F5A6B7C8D9E0F1A2B3C4D /* MeetingTypesSettingsViewModelTests.swift */,
				E1A9F20B6C3D4E5F8091A2B3 /* TestSupport/SilenceAutoStopTestSupport.swift */,
				F3B5D810D2F6495798C6A541 /* UpdaterProfileBehaviorTests.swift */,
				A4D6E9209D1B4E43B5E7C652 /* UpdaterViewModelProfileTests.swift */,
				5F15E3BAE1404A58B205DD07 /* MinuteTests.swift */,
				A9D4E2F7B31C4D8EA6F0B2C1 /* TranscriptSpeakerColorResolverTests.swift */,
				7D2B8C3F4E5A6B7C8D9E0F11 /* MeetingPipelineViewModelVocabularyOverrideTests.swift */,
				7D2B8C3F4E5A6B7C8D9E0F12 /* ModelsSettingsViewModelVocabularyBoostingTests.swift */,
				7D2B8C3F4E5A6B7C8D9E0F13 /* ModelsSettingsViewModelVocabularyGatingTests.swift */,
				7D2B8C3F4E5A6B7C8D9E0F14 /* OnboardingInferenceProviderTests.swift */,
				7D2B8C3F4E5A6B7C8D9E0F15 /* ModelsSettingsInferenceProviderTests.swift */,
			);
			path = MinuteTests;
			sourceTree = "<group>";
		};
		AF2CA8B1E4624B7ABCC0E83C /* Config */ = {
			isa = PBXGroup;
			children = (
				A7F9C2D73B1E4F6A8C0D1122 /* DistributionProfiles.xcconfig */,
				779C02330F8D485BB5682A48 /* MinuteInfo.plist */,
			);
			path = Config;
			sourceTree = "<group>";
		};
/* End PBXGroup section */

/* Begin PBXNativeTarget section */
		3AE23570A0804307B77836FB /* MinuteTests */ = {
			isa = PBXNativeTarget;
			buildConfigurationList = 50F8DB1C97EE4F1692434EF9 /* Build configuration list for PBXNativeTarget "MinuteTests" */;
			buildPhases = (
				E242A9BE18A54200931F213F /* Sources */,
				7BA98BF71BA949F4A88F3EE6 /* Frameworks */,
				84F1C85F198844C5A543F341 /* Resources */,
			);
			buildRules = (
			);
			dependencies = (
				50C59F17E02D4CE2BD54018E /* PBXTargetDependency */,
			);
			name = MinuteTests;
			productName = MinuteTests;
			productReference = 8ADB76E0C8D7477E9C5E50D2 /* MinuteTests.xctest */;
			productType = "com.apple.product-type.bundle.unit-test";
		};
		58B694EE2EF54B130068FAA7 /* Minute */ = {
			isa = PBXNativeTarget;
			buildConfigurationList = 58B694FA2EF54B140068FAA7 /* Build configuration list for PBXNativeTarget "Minute" */;
			buildPhases = (
				58B694EB2EF54B130068FAA7 /* Sources */,
				58B694EC2EF54B130068FAA7 /* Frameworks */,
				5A7F52092F1F0D0A00D8E124 /* CopyFiles */,
				9A6F94BA4705E396A48A93FB /* Bundle ffmpeg */,
				9A6F94BB4705E396A48A93FB /* Bundle llama-mtmd-cli */,
				E395FB504DF34931ACC94649 /* Sign bundled binaries */,
				58B694ED2EF54B130068FAA7 /* Resources */,
			);
			buildRules = (
			);
			dependencies = (
				5A7F520D2F1F0D0A00D8E124 /* PBXTargetDependency */,
			);
			fileSystemSynchronizedGroups = (
				58B694F12EF54B130068FAA7 /* Minute */,
			);
			name = Minute;
			packageProductDependencies = (
				58B6950B2EF600000068FAA7 /* MinuteCore */,
				5A7F52132F1F0D0A00D8E124 /* MinuteWhisper */,
				B730481B2E3B4E5FB8E38D6E /* MinuteLlama */,
				13E6D74E51A2432B8FB8B1A1 /* MinuteOllama */,
				24A1B2C3D4E5F60718293A4A /* MinuteLMStudio */,
				5E70A0010000000000000001 /* MinuteSherpaONNX */,
				0AF288CF7B9C4B81AEE5DD29 /* MarkdownUI */,
				3B3599BC65E149678727D1B7 /* Sparkle */,
			);
			productName = Minute;
			productReference = 58B694EF2EF54B130068FAA7 /* Minute.app */;
			productType = "com.apple.product-type.application";
		};
		5A7F520F2F1F0D0A00D8E124 /* MinuteWhisperService */ = {
			isa = PBXNativeTarget;
			buildConfigurationList = 5A7F52102F1F0D0A00D8E124 /* Build configuration list for PBXNativeTarget "MinuteWhisperService" */;
			buildPhases = (
				5A7F520A2F1F0D0A00D8E124 /* Sources */,
				5A7F520B2F1F0D0A00D8E124 /* Frameworks */,
				5A7F520C2F1F0D0A00D8E124 /* Resources */,
			);
			buildRules = (
			);
			dependencies = (
			);
			name = MinuteWhisperService;
			packageProductDependencies = (
				58B6950B2EF600000068FAA7 /* MinuteCore */,
				5A7F52132F1F0D0A00D8E124 /* MinuteWhisper */,
			);
			productName = MinuteWhisperService;
			productReference = 5A7F52012F1F0D0A00D8E124 /* MinuteWhisperService.xpc */;
			productType = "com.apple.product-type.xpc-service";
		};
/* End PBXNativeTarget section */

/* Begin PBXProject section */
		58B694E72EF54B130068FAA7 /* Project object */ = {
			isa = PBXProject;
			attributes = {
				BuildIndependentTargetsInParallel = 1;
				LastSwiftUpdateCheck = 2620;
				LastUpgradeCheck = 2630;
				TargetAttributes = {
					58B694EE2EF54B130068FAA7 = {
						CreatedOnToolsVersion = 26.2;
					};
					5A7F520F2F1F0D0A00D8E124 = {
						CreatedOnToolsVersion = 26.2;
					};
				};
			};
			buildConfigurationList = 58B694EA2EF54B130068FAA7 /* Build configuration list for PBXProject "Minute" */;
			developmentRegion = en;
			hasScannedForEncodings = 0;
			knownRegions = (
				en,
				Base,
			);
			mainGroup = 58B694E62EF54B130068FAA7;
			minimizedProjectReferenceProxies = 1;
			packageReferences = (
				58B6950A2EF600000068FAA7 /* XCLocalSwiftPackageReference "MinuteCore" */,
				95CE9161C6A34402B4933FD2 /* XCRemoteSwiftPackageReference "swift-markdown-ui" */,
				4953E618B8B349659E4195B9 /* XCRemoteSwiftPackageReference "Sparkle" */,
			);
			preferredProjectObjectVersion = 77;
			productRefGroup = 58B694F02EF54B130068FAA7 /* Products */;
			projectDirPath = "";
			projectRoot = "";
			targets = (
				58B694EE2EF54B130068FAA7 /* Minute */,
				5A7F520F2F1F0D0A00D8E124 /* MinuteWhisperService */,
				3AE23570A0804307B77836FB /* MinuteTests */,
			);
		};
/* End PBXProject section */

/* Begin PBXResourcesBuildPhase section */
		58B694ED2EF54B130068FAA7 /* Resources */ = {
			isa = PBXResourcesBuildPhase;
			buildActionMask = 2147483647;
			files = (
			);
			runOnlyForDeploymentPostprocessing = 0;
		};
		5A7F520C2F1F0D0A00D8E124 /* Resources */ = {
			isa = PBXResourcesBuildPhase;
			buildActionMask = 2147483647;
			files = (
			);
			runOnlyForDeploymentPostprocessing = 0;
		};
		84F1C85F198844C5A543F341 /* Resources */ = {
			isa = PBXResourcesBuildPhase;
			buildActionMask = 2147483647;
			files = (
			);
			runOnlyForDeploymentPostprocessing = 0;
		};
/* End PBXResourcesBuildPhase section */

/* Begin PBXShellScriptBuildPhase section */
		9A6F94BA4705E396A48A93FB /* Bundle ffmpeg */ = {
			isa = PBXShellScriptBuildPhase;
			buildActionMask = 2147483647;
			files = (
			);
			inputFileListPaths = (
			);
			inputPaths = (
				"$(SRCROOT)/scripts/bundle-ffmpeg.sh",
				"$(SRCROOT)/Vendor/ffmpeg/ffmpeg",
				"$(SRCROOT)/Vendor/ffmpeg/LICENSE.txt",
				"$(SRCROOT)/Vendor/ffmpeg/COPYING.LGPLv2.1",
				"$(SRCROOT)/Vendor/ffmpeg/COPYING.LGPLv3",
				"$(SRCROOT)/Vendor/ffmpeg/NOTICE.txt",
			);
			name = "Bundle ffmpeg";
			outputFileListPaths = (
			);
			outputPaths = (
				"$(TARGET_BUILD_DIR)/$(CONTENTS_FOLDER_PATH)/Resources/ffmpeg",
				"$(TARGET_BUILD_DIR)/$(CONTENTS_FOLDER_PATH)/Resources/ffmpeg.LICENSE.txt",
				"$(TARGET_BUILD_DIR)/$(CONTENTS_FOLDER_PATH)/Resources/ffmpeg.NOTICE.txt",
			);
			runOnlyForDeploymentPostprocessing = 0;
			shellPath = /bin/sh;
			shellScript = "set -e\n/bin/sh \"$SRCROOT/scripts/bundle-ffmpeg.sh\"\n";
		};
		9A6F94BB4705E396A48A93FB /* Bundle llama-mtmd-cli */ = {
			isa = PBXShellScriptBuildPhase;
			buildActionMask = 2147483647;
			files = (
			);
			inputFileListPaths = (
			);
			inputPaths = (
				"$(SRCROOT)/scripts/bundle-llama-mtmd.sh",
				"$(SRCROOT)/Vendor/llama-mtmd/llama-mtmd-cli",
				"$(SRCROOT)/Vendor/llama-mtmd/libggml-base.0.dylib",
				"$(SRCROOT)/Vendor/llama-mtmd/libggml-blas.0.dylib",
				"$(SRCROOT)/Vendor/llama-mtmd/libggml-cpu.0.dylib",
				"$(SRCROOT)/Vendor/llama-mtmd/libggml-metal.0.dylib",
				"$(SRCROOT)/Vendor/llama-mtmd/libggml-rpc.0.dylib",
				"$(SRCROOT)/Vendor/llama-mtmd/libggml.0.dylib",
				"$(SRCROOT)/Vendor/llama-mtmd/libllama.0.dylib",
				"$(SRCROOT)/Vendor/llama-mtmd/libmtmd.0.dylib",
				"$(SRCROOT)/Vendor/llama-mtmd/ggml-metal.metal",
			);
			name = "Bundle llama-mtmd-cli";
			outputFileListPaths = (
			);
			outputPaths = (
				"$(TARGET_BUILD_DIR)/$(CONTENTS_FOLDER_PATH)/Resources/llama-mtmd-cli",
				"$(TARGET_BUILD_DIR)/$(CONTENTS_FOLDER_PATH)/Resources/libggml-base.0.dylib",
				"$(TARGET_BUILD_DIR)/$(CONTENTS_FOLDER_PATH)/Resources/libggml-blas.0.dylib",
				"$(TARGET_BUILD_DIR)/$(CONTENTS_FOLDER_PATH)/Resources/libggml-cpu.0.dylib",
				"$(TARGET_BUILD_DIR)/$(CONTENTS_FOLDER_PATH)/Resources/libggml-metal.0.dylib",
				"$(TARGET_BUILD_DIR)/$(CONTENTS_FOLDER_PATH)/Resources/libggml-rpc.0.dylib",
				"$(TARGET_BUILD_DIR)/$(CONTENTS_FOLDER_PATH)/Resources/libggml.0.dylib",
				"$(TARGET_BUILD_DIR)/$(CONTENTS_FOLDER_PATH)/Resources/libllama.0.dylib",
				"$(TARGET_BUILD_DIR)/$(CONTENTS_FOLDER_PATH)/Resources/libmtmd.0.dylib",
				"$(TARGET_BUILD_DIR)/$(CONTENTS_FOLDER_PATH)/Resources/ggml-metal.metal",
			);
			runOnlyForDeploymentPostprocessing = 0;
			shellPath = /bin/sh;
			shellScript = "set -e\n/bin/sh \"$SRCROOT/scripts/bundle-llama-mtmd.sh\"\n";
		};
		E395FB504DF34931ACC94649 /* Sign bundled binaries */ = {
			isa = PBXShellScriptBuildPhase;
			buildActionMask = 2147483647;
			files = (
			);
			inputFileListPaths = (
			);
			inputPaths = (
				"$(SRCROOT)/scripts/sign-hardened-runtime.sh",
			);
			name = "Sign bundled binaries";
			outputFileListPaths = (
			);
			outputPaths = (
				"$(DERIVED_FILE_DIR)/sign-bundled-binaries.stamp",
			);
			runOnlyForDeploymentPostprocessing = 0;
			shellPath = /bin/sh;
			shellScript = "set -e\n/bin/sh \"$SRCROOT/scripts/sign-hardened-runtime.sh\"\n";
		};
/* End PBXShellScriptBuildPhase section */

/* Begin PBXSourcesBuildPhase section */
		58B694EB2EF54B130068FAA7 /* Sources */ = {
			isa = PBXSourcesBuildPhase;
			buildActionMask = 2147483647;
			files = (
			);
			runOnlyForDeploymentPostprocessing = 0;
		};
		5A7F520A2F1F0D0A00D8E124 /* Sources */ = {
			isa = PBXSourcesBuildPhase;
			buildActionMask = 2147483647;
			files = (
				5A7F52052F1F0D0A00D8E124 /* WhisperXPCService.swift in Sources */,
			);
			runOnlyForDeploymentPostprocessing = 0;
		};
		E242A9BE18A54200931F213F /* Sources */ = {
			isa = PBXSourcesBuildPhase;
			buildActionMask = 2147483647;
			files = (
				B6A1D9E2F3C44C7AA1B2C3D4 /* MeetingPipelineViewModelCancelSessionTests.swift in Sources */,
				1A2B3C4D5E6F7890ABCDEF12 /* StageDropValidationTests.swift in Sources */,
				C7F3A9E4D2B8410FA1C0B2D3 /* MeetingDetailNoRegressionSmokeTests.swift in Sources */,
				2D3E4F5A6B7C8D9E0F1A2B3C /* MeetingTypesSettingsViewModelTests.swift in Sources */,
				F2B1C3D4E5F60718293A4B5C /* TestSupport/SilenceAutoStopTestSupport.swift in Sources */,
				E1A9B130B6454F8794F15621 /* UpdaterProfileBehaviorTests.swift in Sources */,
				D2A7C3307EAF4A36A8D4F932 /* UpdaterViewModelProfileTests.swift in Sources */,
				BF27CF187A62466DB14F257B /* MinuteTests.swift in Sources */,
				C1B2A3D4E5F6478890ABC123 /* TranscriptSpeakerColorResolverTests.swift in Sources */,
				6C1A7B2E3D4F5A6B7C8D9E01 /* MeetingPipelineViewModelVocabularyOverrideTests.swift in Sources */,
				6C1A7B2E3D4F5A6B7C8D9E02 /* ModelsSettingsViewModelVocabularyBoostingTests.swift in Sources */,
				6C1A7B2E3D4F5A6B7C8D9E03 /* ModelsSettingsViewModelVocabularyGatingTests.swift in Sources */,
				6C1A7B2E3D4F5A6B7C8D9E04 /* OnboardingInferenceProviderTests.swift in Sources */,
				6C1A7B2E3D4F5A6B7C8D9E05 /* ModelsSettingsInferenceProviderTests.swift in Sources */,
			);
			runOnlyForDeploymentPostprocessing = 0;
		};
/* End PBXSourcesBuildPhase section */

/* Begin PBXTargetDependency section */
		50C59F17E02D4CE2BD54018E /* PBXTargetDependency */ = {
			isa = PBXTargetDependency;
			target = 58B694EE2EF54B130068FAA7 /* Minute */;
			targetProxy = 68AD8511947A463C8A38EE55 /* PBXContainerItemProxy */;
		};
		5A7F520D2F1F0D0A00D8E124 /* PBXTargetDependency */ = {
			isa = PBXTargetDependency;
			target = 5A7F520F2F1F0D0A00D8E124 /* MinuteWhisperService */;
			targetProxy = 5A7F520E2F1F0D0A00D8E124 /* PBXContainerItemProxy */;
		};
/* End PBXTargetDependency section */

/* Begin XCBuildConfiguration section */
		58B694F82EF54B140068FAA7 /* Debug */ = {
			isa = XCBuildConfiguration;
			buildSettings = {
				ALWAYS_SEARCH_USER_PATHS = NO;
				ASSETCATALOG_COMPILER_GENERATE_SWIFT_ASSET_SYMBOL_EXTENSIONS = YES;
				CLANG_ANALYZER_NONNULL = YES;
				CLANG_ANALYZER_NUMBER_OBJECT_CONVERSION = YES_AGGRESSIVE;
				CLANG_CXX_LANGUAGE_STANDARD = "gnu++20";
				CLANG_ENABLE_MODULES = YES;
				CLANG_ENABLE_OBJC_ARC = YES;
				CLANG_ENABLE_OBJC_WEAK = YES;
				CLANG_WARN_BLOCK_CAPTURE_AUTORELEASING = YES;
				CLANG_WARN_BOOL_CONVERSION = YES;
				CLANG_WARN_COMMA = YES;
				CLANG_WARN_CONSTANT_CONVERSION = YES;
				CLANG_WARN_DEPRECATED_OBJC_IMPLEMENTATIONS = YES;
				CLANG_WARN_DIRECT_OBJC_ISA_USAGE = YES_ERROR;
				CLANG_WARN_DOCUMENTATION_COMMENTS = YES;
				CLANG_WARN_EMPTY_BODY = YES;
				CLANG_WARN_ENUM_CONVERSION = YES;
				CLANG_WARN_INFINITE_RECURSION = YES;
				CLANG_WARN_INT_CONVERSION = YES;
				CLANG_WARN_NON_LITERAL_NULL_CONVERSION = YES;
				CLANG_WARN_OBJC_IMPLICIT_RETAIN_SELF = YES;
				CLANG_WARN_OBJC_LITERAL_CONVERSION = YES;
				CLANG_WARN_OBJC_ROOT_CLASS = YES_ERROR;
				CLANG_WARN_QUOTED_INCLUDE_IN_FRAMEWORK_HEADER = YES;
				CLANG_WARN_RANGE_LOOP_ANALYSIS = YES;
				CLANG_WARN_STRICT_PROTOTYPES = YES;
				CLANG_WARN_SUSPICIOUS_MOVE = YES;
				CLANG_WARN_UNGUARDED_AVAILABILITY = YES_AGGRESSIVE;
				CLANG_WARN_UNREACHABLE_CODE = YES;
				CLANG_WARN__DUPLICATE_METHOD_MATCH = YES;
				COPY_PHASE_STRIP = NO;
				DEAD_CODE_STRIPPING = YES;
				DEBUG_INFORMATION_FORMAT = dwarf;
				DEVELOPMENT_TEAM = 9U6KWJQQVG;
				ENABLE_STRICT_OBJC_MSGSEND = YES;
				ENABLE_TESTABILITY = YES;
				ENABLE_USER_SCRIPT_SANDBOXING = NO;
				GCC_C_LANGUAGE_STANDARD = gnu17;
				GCC_DYNAMIC_NO_PIC = NO;
				GCC_NO_COMMON_BLOCKS = YES;
				GCC_OPTIMIZATION_LEVEL = 0;
				GCC_PREPROCESSOR_DEFINITIONS = (
					"DEBUG=1",
					"$(inherited)",
				);
				GCC_WARN_64_TO_32_BIT_CONVERSION = YES;
				GCC_WARN_ABOUT_RETURN_TYPE = YES_ERROR;
				GCC_WARN_UNDECLARED_SELECTOR = YES;
				GCC_WARN_UNINITIALIZED_AUTOS = YES_AGGRESSIVE;
				GCC_WARN_UNUSED_FUNCTION = YES;
				GCC_WARN_UNUSED_VARIABLE = YES;
				LOCALIZATION_PREFERS_STRING_CATALOGS = YES;
				MTL_ENABLE_DEBUG_INFO = INCLUDE_SOURCE;
				MTL_FAST_MATH = YES;
				ONLY_ACTIVE_ARCH = YES;
				STRING_CATALOG_GENERATE_SYMBOLS = YES;
				SWIFT_ACTIVE_COMPILATION_CONDITIONS = "DEBUG $(inherited)";
				SWIFT_OPTIMIZATION_LEVEL = "-Onone";
			};
			name = Debug;
		};
		58B694F92EF54B140068FAA7 /* Release */ = {
			isa = XCBuildConfiguration;
			buildSettings = {
				ALWAYS_SEARCH_USER_PATHS = NO;
				ASSETCATALOG_COMPILER_GENERATE_SWIFT_ASSET_SYMBOL_EXTENSIONS = YES;
				CLANG_ANALYZER_NONNULL = YES;
				CLANG_ANALYZER_NUMBER_OBJECT_CONVERSION = YES_AGGRESSIVE;
				CLANG_CXX_LANGUAGE_STANDARD = "gnu++20";
				CLANG_ENABLE_MODULES = YES;
				CLANG_ENABLE_OBJC_ARC = YES;
				CLANG_ENABLE_OBJC_WEAK = YES;
				CLANG_WARN_BLOCK_CAPTURE_AUTORELEASING = YES;
				CLANG_WARN_BOOL_CONVERSION = YES;
				CLANG_WARN_COMMA = YES;
				CLANG_WARN_CONSTANT_CONVERSION = YES;
				CLANG_WARN_DEPRECATED_OBJC_IMPLEMENTATIONS = YES;
				CLANG_WARN_DIRECT_OBJC_ISA_USAGE = YES_ERROR;
				CLANG_WARN_DOCUMENTATION_COMMENTS = YES;
				CLANG_WARN_EMPTY_BODY = YES;
				CLANG_WARN_ENUM_CONVERSION = YES;
				CLANG_WARN_INFINITE_RECURSION = YES;
				CLANG_WARN_INT_CONVERSION = YES;
				CLANG_WARN_NON_LITERAL_NULL_CONVERSION = YES;
				CLANG_WARN_OBJC_IMPLICIT_RETAIN_SELF = YES;
				CLANG_WARN_OBJC_LITERAL_CONVERSION = YES;
				CLANG_WARN_OBJC_ROOT_CLASS = YES_ERROR;
				CLANG_WARN_QUOTED_INCLUDE_IN_FRAMEWORK_HEADER = YES;
				CLANG_WARN_RANGE_LOOP_ANALYSIS = YES;
				CLANG_WARN_STRICT_PROTOTYPES = YES;
				CLANG_WARN_SUSPICIOUS_MOVE = YES;
				CLANG_WARN_UNGUARDED_AVAILABILITY = YES_AGGRESSIVE;
				CLANG_WARN_UNREACHABLE_CODE = YES;
				CLANG_WARN__DUPLICATE_METHOD_MATCH = YES;
				COPY_PHASE_STRIP = NO;
				DEAD_CODE_STRIPPING = YES;
				DEBUG_INFORMATION_FORMAT = "dwarf-with-dsym";
				DEVELOPMENT_TEAM = 9U6KWJQQVG;
				ENABLE_NS_ASSERTIONS = NO;
				ENABLE_STRICT_OBJC_MSGSEND = YES;
				ENABLE_USER_SCRIPT_SANDBOXING = NO;
				GCC_C_LANGUAGE_STANDARD = gnu17;
				GCC_NO_COMMON_BLOCKS = YES;
				GCC_WARN_64_TO_32_BIT_CONVERSION = YES;
				GCC_WARN_ABOUT_RETURN_TYPE = YES_ERROR;
				GCC_WARN_UNDECLARED_SELECTOR = YES;
				GCC_WARN_UNINITIALIZED_AUTOS = YES_AGGRESSIVE;
				GCC_WARN_UNUSED_FUNCTION = YES;
				GCC_WARN_UNUSED_VARIABLE = YES;
				LOCALIZATION_PREFERS_STRING_CATALOGS = YES;
				MTL_ENABLE_DEBUG_INFO = NO;
				MTL_FAST_MATH = YES;
				STRING_CATALOG_GENERATE_SYMBOLS = YES;
				SWIFT_COMPILATION_MODE = wholemodule;
			};
			name = Release;
		};
		58B694FB2EF54B140068FAA7 /* Debug */ = {
			isa = XCBuildConfiguration;
			baseConfigurationReference = A7F9C2D73B1E4F6A8C0D1122 /* DistributionProfiles.xcconfig */;
			buildSettings = {
				APPINTENTS_METADATA_ENABLED = NO;
				ASSETCATALOG_COMPILER_APPICON_NAME = AppIcon;
				ASSETCATALOG_COMPILER_GLOBAL_ACCENT_COLOR_NAME = AccentColor;
				CODE_SIGN_ENTITLEMENTS = "$(MINUTE_APP_ENTITLEMENTS_FILE)";
				CODE_SIGN_IDENTITY = "-";
				"CODE_SIGN_IDENTITY[sdk=macosx*]" = "Apple Development";
				CODE_SIGN_STYLE = Automatic;
				CURRENT_PROJECT_VERSION = 31;
				DEAD_CODE_STRIPPING = YES;
				DEVELOPMENT_TEAM = 5DU76QP4SD;
				ENABLE_APP_SANDBOX = YES;
				ENABLE_INCOMING_NETWORK_CONNECTIONS = YES;
				ENABLE_OUTGOING_NETWORK_CONNECTIONS = YES;
				ENABLE_PREVIEWS = YES;
				ENABLE_RESOURCE_ACCESS_AUDIO_INPUT = YES;
				ENABLE_USER_SELECTED_FILES = readwrite;
				GENERATE_INFOPLIST_FILE = NO;
				INFOPLIST_FILE = Config/MinuteInfo.plist;
				INFOPLIST_KEY_CFBundleDisplayName = Minute;
				INFOPLIST_KEY_LSApplicationCategoryType = "public.app-category.productivity";
				INFOPLIST_KEY_NSMicrophoneUsageDescription = "Minute needs microphone access to record meetings locally.";
				INFOPLIST_KEY_NSScreenCaptureUsageDescription = "Minute needs screen recording access to capture system audio locally.";
				"INFOPLIST_KEY_UIApplicationSceneManifest_Generation[sdk=iphoneos*]" = YES;
				"INFOPLIST_KEY_UIApplicationSceneManifest_Generation[sdk=iphonesimulator*]" = YES;
				"INFOPLIST_KEY_UIApplicationSupportsIndirectInputEvents[sdk=iphoneos*]" = YES;
				"INFOPLIST_KEY_UIApplicationSupportsIndirectInputEvents[sdk=iphonesimulator*]" = YES;
				"INFOPLIST_KEY_UILaunchScreen_Generation[sdk=iphoneos*]" = YES;
				"INFOPLIST_KEY_UILaunchScreen_Generation[sdk=iphonesimulator*]" = YES;
				"INFOPLIST_KEY_UIStatusBarStyle[sdk=iphoneos*]" = UIStatusBarStyleDefault;
				"INFOPLIST_KEY_UIStatusBarStyle[sdk=iphonesimulator*]" = UIStatusBarStyleDefault;
				INFOPLIST_KEY_UISupportedInterfaceOrientations_iPad = "UIInterfaceOrientationPortrait UIInterfaceOrientationPortraitUpsideDown UIInterfaceOrientationLandscapeLeft UIInterfaceOrientationLandscapeRight";
				INFOPLIST_KEY_UISupportedInterfaceOrientations_iPhone = "UIInterfaceOrientationPortrait UIInterfaceOrientationLandscapeLeft UIInterfaceOrientationLandscapeRight";
				IPHONEOS_DEPLOYMENT_TARGET = 26.2;
				LD_RUNPATH_SEARCH_PATHS = "@executable_path/Frameworks";
				"LD_RUNPATH_SEARCH_PATHS[sdk=macosx*]" = "@executable_path/../Frameworks";
				MACOSX_DEPLOYMENT_TARGET = 14.6;
				MARKETING_VERSION = 0.22.0;
				OTHER_SWIFT_FLAGS = "$(inherited) $(MINUTE_SWIFT_DISTRIBUTION_FLAG)";
				PRODUCT_BUNDLE_IDENTIFIER = io.github.vlsi.Minute;
				PRODUCT_NAME = "$(TARGET_NAME)";
				REGISTER_APP_GROUPS = YES;
				SDKROOT = auto;
				STRING_CATALOG_GENERATE_SYMBOLS = YES;
				SUPPORTED_PLATFORMS = macosx;
				SWIFT_APPROACHABLE_CONCURRENCY = YES;
				SWIFT_DEFAULT_ACTOR_ISOLATION = MainActor;
				SWIFT_EMIT_LOC_STRINGS = YES;
				SWIFT_UPCOMING_FEATURE_MEMBER_IMPORT_VISIBILITY = YES;
				SWIFT_VERSION = 5.0;
				TARGETED_DEVICE_FAMILY = "1,2,7";
				XROS_DEPLOYMENT_TARGET = 26.2;
			};
			name = Debug;
		};
		58B694FC2EF54B140068FAA7 /* Release */ = {
			isa = XCBuildConfiguration;
			baseConfigurationReference = A7F9C2D73B1E4F6A8C0D1122 /* DistributionProfiles.xcconfig */;
			buildSettings = {
				APPINTENTS_METADATA_ENABLED = NO;
				ASSETCATALOG_COMPILER_APPICON_NAME = AppIcon;
				ASSETCATALOG_COMPILER_GLOBAL_ACCENT_COLOR_NAME = AccentColor;
				AUTOMATION_APPLE_EVENTS = NO;
				CODE_SIGN_ENTITLEMENTS = "$(MINUTE_APP_ENTITLEMENTS_FILE)";
				CODE_SIGN_IDENTITY = "Apple Development";
				"CODE_SIGN_IDENTITY[sdk=macosx*]" = "Developer ID Application";
				CODE_SIGN_STYLE = Manual;
				CURRENT_PROJECT_VERSION = 31;
				DEAD_CODE_STRIPPING = YES;
				DEVELOPMENT_TEAM = "";
				"DEVELOPMENT_TEAM[sdk=macosx*]" = 5DU76QP4SD;
				ENABLE_APP_SANDBOX = YES;
				ENABLE_HARDENED_RUNTIME = YES;
				ENABLE_INCOMING_NETWORK_CONNECTIONS = YES;
				ENABLE_OUTGOING_NETWORK_CONNECTIONS = YES;
				ENABLE_PREVIEWS = YES;
				ENABLE_RESOURCE_ACCESS_AUDIO_INPUT = YES;
				ENABLE_RESOURCE_ACCESS_CALENDARS = NO;
				ENABLE_RESOURCE_ACCESS_CAMERA = NO;
				ENABLE_RESOURCE_ACCESS_CONTACTS = NO;
				ENABLE_RESOURCE_ACCESS_LOCATION = NO;
				ENABLE_RESOURCE_ACCESS_PHOTO_LIBRARY = NO;
				ENABLE_USER_SELECTED_FILES = readwrite;
				GENERATE_INFOPLIST_FILE = NO;
				INFOPLIST_FILE = Config/MinuteInfo.plist;
				INFOPLIST_KEY_CFBundleDisplayName = Minute;
				INFOPLIST_KEY_LSApplicationCategoryType = "public.app-category.productivity";
				INFOPLIST_KEY_NSMicrophoneUsageDescription = "Minute needs microphone access to record meetings locally.";
				INFOPLIST_KEY_NSScreenCaptureUsageDescription = "Minute needs screen recording access to capture system audio locally.";
				"INFOPLIST_KEY_UIApplicationSceneManifest_Generation[sdk=iphoneos*]" = YES;
				"INFOPLIST_KEY_UIApplicationSceneManifest_Generation[sdk=iphonesimulator*]" = YES;
				"INFOPLIST_KEY_UIApplicationSupportsIndirectInputEvents[sdk=iphoneos*]" = YES;
				"INFOPLIST_KEY_UIApplicationSupportsIndirectInputEvents[sdk=iphonesimulator*]" = YES;
				"INFOPLIST_KEY_UILaunchScreen_Generation[sdk=iphoneos*]" = YES;
				"INFOPLIST_KEY_UILaunchScreen_Generation[sdk=iphonesimulator*]" = YES;
				"INFOPLIST_KEY_UIStatusBarStyle[sdk=iphoneos*]" = UIStatusBarStyleDefault;
				"INFOPLIST_KEY_UIStatusBarStyle[sdk=iphonesimulator*]" = UIStatusBarStyleDefault;
				INFOPLIST_KEY_UISupportedInterfaceOrientations_iPad = "UIInterfaceOrientationPortrait UIInterfaceOrientationPortraitUpsideDown UIInterfaceOrientationLandscapeLeft UIInterfaceOrientationLandscapeRight";
				INFOPLIST_KEY_UISupportedInterfaceOrientations_iPhone = "UIInterfaceOrientationPortrait UIInterfaceOrientationLandscapeLeft UIInterfaceOrientationLandscapeRight";
				IPHONEOS_DEPLOYMENT_TARGET = 26.2;
				LD_RUNPATH_SEARCH_PATHS = "@executable_path/Frameworks";
				"LD_RUNPATH_SEARCH_PATHS[sdk=macosx*]" = "@executable_path/../Frameworks";
				MACOSX_DEPLOYMENT_TARGET = 14.6;
				MARKETING_VERSION = 0.22.0;
				OTHER_SWIFT_FLAGS = "$(inherited) $(MINUTE_SWIFT_DISTRIBUTION_FLAG)";
				PRODUCT_BUNDLE_IDENTIFIER = io.github.vlsi.Minute;
				PRODUCT_NAME = "$(TARGET_NAME)";
				PROVISIONING_PROFILE_SPECIFIER = "";
				REGISTER_APP_GROUPS = YES;
				RUNTIME_EXCEPTION_ALLOW_DYLD_ENVIRONMENT_VARIABLES = NO;
				RUNTIME_EXCEPTION_ALLOW_JIT = NO;
				RUNTIME_EXCEPTION_ALLOW_UNSIGNED_EXECUTABLE_MEMORY = NO;
				RUNTIME_EXCEPTION_DEBUGGING_TOOL = NO;
				RUNTIME_EXCEPTION_DISABLE_EXECUTABLE_PAGE_PROTECTION = NO;
				RUNTIME_EXCEPTION_DISABLE_LIBRARY_VALIDATION = NO;
				SDKROOT = auto;
				STRING_CATALOG_GENERATE_SYMBOLS = YES;
				SUPPORTED_PLATFORMS = macosx;
				SWIFT_APPROACHABLE_CONCURRENCY = YES;
				SWIFT_DEFAULT_ACTOR_ISOLATION = MainActor;
				SWIFT_EMIT_LOC_STRINGS = YES;
				SWIFT_UPCOMING_FEATURE_MEMBER_IMPORT_VISIBILITY = YES;
				SWIFT_VERSION = 5.0;
				TARGETED_DEVICE_FAMILY = "1,2,7";
				XROS_DEPLOYMENT_TARGET = 26.2;
			};
			name = Release;
		};
		5A7F52112F1F0D0A00D8E124 /* Debug */ = {
			isa = XCBuildConfiguration;
			buildSettings = {
				APPINTENTS_METADATA_ENABLED = NO;
				CODE_SIGN_ENTITLEMENTS = "$(MINUTE_WHISPER_SERVICE_ENTITLEMENTS)";
				CODE_SIGN_STYLE = Automatic;
				CURRENT_PROJECT_VERSION = 1;
				DEAD_CODE_STRIPPING = YES;
				DEVELOPMENT_TEAM = 5DU76QP4SD;
				INFOPLIST_FILE = MinuteWhisperService/Info.plist;
				LD_RUNPATH_SEARCH_PATHS = "@executable_path/../Frameworks";
				MACOSX_DEPLOYMENT_TARGET = 14.6;
				MINUTE_WHISPER_SERVICE_ENTITLEMENTS = MinuteWhisperService/MinuteWhisperService.entitlements;
				PRODUCT_BUNDLE_IDENTIFIER = io.github.vlsi.Minute.WhisperService;
				PRODUCT_NAME = "$(TARGET_NAME)";
				SKIP_INSTALL = YES;
				SWIFT_VERSION = 5.0;
			};
			name = Debug;
		};
		5A7F52122F1F0D0A00D8E124 /* Release */ = {
			isa = XCBuildConfiguration;
			buildSettings = {
				APPINTENTS_METADATA_ENABLED = NO;
				AUTOMATION_APPLE_EVENTS = NO;
				CODE_SIGN_ENTITLEMENTS = "$(MINUTE_WHISPER_SERVICE_ENTITLEMENTS)";
				CODE_SIGN_IDENTITY = "Developer ID Application";
				"CODE_SIGN_IDENTITY[sdk=macosx*]" = "Developer ID Application";
				CODE_SIGN_STYLE = Manual;
				CURRENT_PROJECT_VERSION = 1;
				DEAD_CODE_STRIPPING = YES;
				DEVELOPMENT_TEAM = 9U6KWJQQVG;
				"DEVELOPMENT_TEAM[sdk=macosx*]" = 5DU76QP4SD;
				ENABLE_HARDENED_RUNTIME = YES;
				ENABLE_RESOURCE_ACCESS_AUDIO_INPUT = NO;
				ENABLE_RESOURCE_ACCESS_CALENDARS = NO;
				ENABLE_RESOURCE_ACCESS_CAMERA = NO;
				ENABLE_RESOURCE_ACCESS_CONTACTS = NO;
				ENABLE_RESOURCE_ACCESS_LOCATION = NO;
				ENABLE_RESOURCE_ACCESS_PHOTO_LIBRARY = NO;
				INFOPLIST_FILE = MinuteWhisperService/Info.plist;
				LD_RUNPATH_SEARCH_PATHS = "@executable_path/../Frameworks";
				MACOSX_DEPLOYMENT_TARGET = 14.6;
				MINUTE_WHISPER_SERVICE_ENTITLEMENTS = MinuteWhisperService/MinuteWhisperService.entitlements;
				PRODUCT_BUNDLE_IDENTIFIER = io.github.vlsi.Minute.WhisperService;
				PRODUCT_NAME = "$(TARGET_NAME)";
				PROVISIONING_PROFILE_SPECIFIER = "";
				RUNTIME_EXCEPTION_ALLOW_DYLD_ENVIRONMENT_VARIABLES = NO;
				RUNTIME_EXCEPTION_ALLOW_JIT = NO;
				RUNTIME_EXCEPTION_ALLOW_UNSIGNED_EXECUTABLE_MEMORY = NO;
				RUNTIME_EXCEPTION_DEBUGGING_TOOL = NO;
				RUNTIME_EXCEPTION_DISABLE_EXECUTABLE_PAGE_PROTECTION = NO;
				RUNTIME_EXCEPTION_DISABLE_LIBRARY_VALIDATION = NO;
				SKIP_INSTALL = YES;
				SWIFT_VERSION = 5.0;
			};
			name = Release;
		};
		7261E3669CBB45DCAF93420E /* Release */ = {
			isa = XCBuildConfiguration;
			buildSettings = {
				BUNDLE_LOADER = "$(TEST_HOST)";
				CODE_SIGN_STYLE = Automatic;
				DEVELOPMENT_TEAM = 5DU76QP4SD;
				INFOPLIST_FILE = Config/MinuteInfo.plist;
				LD_RUNPATH_SEARCH_PATHS = (
					"@executable_path/../Frameworks",
					"@loader_path/Frameworks",
				);
				MACOSX_DEPLOYMENT_TARGET = 14.6;
				PRODUCT_BUNDLE_IDENTIFIER = io.github.vlsi.MinuteTests;
				PRODUCT_NAME = "$(TARGET_NAME)";
				SWIFT_VERSION = 6.0;
				TEST_HOST = "$(BUILT_PRODUCTS_DIR)/Minute.app/Contents/MacOS/Minute";
			};
			name = Release;
		};
		EFB44760BCE242AABD3D08E2 /* Debug */ = {
			isa = XCBuildConfiguration;
			buildSettings = {
				BUNDLE_LOADER = "$(TEST_HOST)";
				CODE_SIGN_STYLE = Automatic;
				DEVELOPMENT_TEAM = 5DU76QP4SD;
				INFOPLIST_FILE = Config/MinuteInfo.plist;
				LD_RUNPATH_SEARCH_PATHS = (
					"@executable_path/../Frameworks",
					"@loader_path/Frameworks",
				);
				MACOSX_DEPLOYMENT_TARGET = 14.6;
				PRODUCT_BUNDLE_IDENTIFIER = io.github.vlsi.MinuteTests;
				PRODUCT_NAME = "$(TARGET_NAME)";
				SWIFT_VERSION = 6.0;
				TEST_HOST = "$(BUILT_PRODUCTS_DIR)/Minute.app/Contents/MacOS/Minute";
			};
			name = Debug;
		};
/* End XCBuildConfiguration section */

/* Begin XCConfigurationList section */
		50F8DB1C97EE4F1692434EF9 /* Build configuration list for PBXNativeTarget "MinuteTests" */ = {
			isa = XCConfigurationList;
			buildConfigurations = (
				EFB44760BCE242AABD3D08E2 /* Debug */,
				7261E3669CBB45DCAF93420E /* Release */,
			);
			defaultConfigurationIsVisible = 0;
			defaultConfigurationName = Release;
		};
		58B694EA2EF54B130068FAA7 /* Build configuration list for PBXProject "Minute" */ = {
			isa = XCConfigurationList;
			buildConfigurations = (
				58B694F82EF54B140068FAA7 /* Debug */,
				58B694F92EF54B140068FAA7 /* Release */,
			);
			defaultConfigurationIsVisible = 0;
			defaultConfigurationName = Release;
		};
		58B694FA2EF54B140068FAA7 /* Build configuration list for PBXNativeTarget "Minute" */ = {
			isa = XCConfigurationList;
			buildConfigurations = (
				58B694FB2EF54B140068FAA7 /* Debug */,
				58B694FC2EF54B140068FAA7 /* Release */,
			);
			defaultConfigurationIsVisible = 0;
			defaultConfigurationName = Release;
		};
		5A7F52102F1F0D0A00D8E124 /* Build configuration list for PBXNativeTarget "MinuteWhisperService" */ = {
			isa = XCConfigurationList;
			buildConfigurations = (
				5A7F52112F1F0D0A00D8E124 /* Debug */,
				5A7F52122F1F0D0A00D8E124 /* Release */,
			);
			defaultConfigurationIsVisible = 0;
			defaultConfigurationName = Release;
		};
/* End XCConfigurationList section */

/* Begin XCLocalSwiftPackageReference section */
		58B6950A2EF600000068FAA7 /* XCLocalSwiftPackageReference "MinuteCore" */ = {
			isa = XCLocalSwiftPackageReference;
			relativePath = MinuteCore;
		};
/* End XCLocalSwiftPackageReference section */

/* Begin XCRemoteSwiftPackageReference section */
		4953E618B8B349659E4195B9 /* XCRemoteSwiftPackageReference "Sparkle" */ = {
			isa = XCRemoteSwiftPackageReference;
			repositoryURL = "https://github.com/sparkle-project/Sparkle";
			requirement = {
				kind = upToNextMajorVersion;
				minimumVersion = 2.0.0;
			};
		};
		95CE9161C6A34402B4933FD2 /* XCRemoteSwiftPackageReference "swift-markdown-ui" */ = {
			isa = XCRemoteSwiftPackageReference;
			repositoryURL = "https://github.com/gonzalezreal/swift-markdown-ui.git";
			requirement = {
				kind = upToNextMajorVersion;
				minimumVersion = 2.4.1;
			};
		};
/* End XCRemoteSwiftPackageReference section */

/* Begin XCSwiftPackageProductDependency section */
		0AF288CF7B9C4B81AEE5DD29 /* MarkdownUI */ = {
			isa = XCSwiftPackageProductDependency;
			package = 95CE9161C6A34402B4933FD2 /* XCRemoteSwiftPackageReference "swift-markdown-ui" */;
			productName = MarkdownUI;
		};
		13E6D74E51A2432B8FB8B1A1 /* MinuteOllama */ = {
			isa = XCSwiftPackageProductDependency;
			package = 58B6950A2EF600000068FAA7 /* XCLocalSwiftPackageReference "MinuteCore" */;
			productName = MinuteOllama;
		};
		24A1B2C3D4E5F60718293A4A /* MinuteLMStudio */ = {
			isa = XCSwiftPackageProductDependency;
			package = 58B6950A2EF600000068FAA7 /* XCLocalSwiftPackageReference "MinuteCore" */;
			productName = MinuteLMStudio;
		};
		3B3599BC65E149678727D1B7 /* Sparkle */ = {
			isa = XCSwiftPackageProductDependency;
			package = 4953E618B8B349659E4195B9 /* XCRemoteSwiftPackageReference "Sparkle" */;
			productName = Sparkle;
		};
		58B6950B2EF600000068FAA7 /* MinuteCore */ = {
			isa = XCSwiftPackageProductDependency;
			package = 58B6950A2EF600000068FAA7 /* XCLocalSwiftPackageReference "MinuteCore" */;
			productName = MinuteCore;
		};
		5A7F52132F1F0D0A00D8E124 /* MinuteWhisper */ = {
			isa = XCSwiftPackageProductDependency;
			package = 58B6950A2EF600000068FAA7 /* XCLocalSwiftPackageReference "MinuteCore" */;
			productName = MinuteWhisper;
		};
		5E70A0010000000000000001 /* MinuteSherpaONNX */ = {
			isa = XCSwiftPackageProductDependency;
			package = 58B6950A2EF600000068FAA7 /* XCLocalSwiftPackageReference "MinuteCore" */;
			productName = MinuteSherpaONNX;
		};
		B730481B2E3B4E5FB8E38D6E /* MinuteLlama */ = {
			isa = XCSwiftPackageProductDependency;
			package = 58B6950A2EF600000068FAA7 /* XCLocalSwiftPackageReference "MinuteCore" */;
			productName = MinuteLlama;
		};
/* End XCSwiftPackageProductDependency section */
	};
	rootObject = 58B694E72EF54B130068FAA7 /* Project object */;
}
