{
  "originHash" : "2c3d76f0f86352abc408685eb6d9ed4f0d1dbbced06db97136322f3ed6a947d6",
  "pins" : [
    {
      "identity" : "fluidaudio",
      "kind" : "remoteSourceControl",
      "location" : "https://github.com/FluidInference/FluidAudio.git",
      "state" : {
        "revision" : "ed66535b696c5c6d69a71f508e87bf3491e1b1fd"
      }
    },
    {
      "identity" : "sherpa-onnx-apple-arm64",
      "kind" : "remoteSourceControl",
      "location" : "https://github.com/vlsi/sherpa-onnx-apple-arm64",
      "state" : {
        "revision" : "ed7f066da9ef3601f6c621b7ef12a032bb2fddff",
        "version" : "1.13.2"
      }
    }
  ],
  "version" : 3
}
